
Microsoft Visual Studio Solution File, Format Version 12.00
# Visual Studio Version 17
VisualStudioVersion = 17.11.35303.130
MinimumVisualStudioVersion = 10.0.40219.1
Project("{9A19103F-16F7-4668-BE54-9A1E7A4F7556}") = "WeChatFerry.Net", "WeChatFerry.Net\WeChatFerry.Net.csproj", "{30E042FA-FEB1-4E78-A706-9CFC7201AF6A}"
EndProject
Project("{9A19103F-16F7-4668-BE54-9A1E7A4F7556}") = "WeChatFerry.Net.Tests", "WeChatFerry.Net.Tests\WeChatFerry.Net.Tests.csproj", "{65936901-B701-48E4-B257-0C9792C17601}"
EndProject
Project("{FAE04EC0-301F-11D3-BF4B-00C04F79EFBC}") = "WeChatFerry.Net.Example", "WeChatFerry.Net.Example\WeChatFerry.Net.Example.csproj", "{2B622604-B0B5-4C9A-9133-5E34D59A0E0E}"
EndProject
Global
	GlobalSection(SolutionConfigurationPlatforms) = preSolution
		Debug|Any CPU = Debug|Any CPU
		Release|Any CPU = Release|Any CPU
	EndGlobalSection
	GlobalSection(ProjectConfigurationPlatforms) = postSolution
		{30E042FA-FEB1-4E78-A706-9CFC7201AF6A}.Debug|Any CPU.ActiveCfg = Debug|Any CPU
		{30E042FA-FEB1-4E78-A706-9CFC7201AF6A}.Debug|Any CPU.Build.0 = Debug|Any CPU
		{30E042FA-FEB1-4E78-A706-9CFC7201AF6A}.Release|Any CPU.ActiveCfg = Release|Any CPU
		{30E042FA-FEB1-4E78-A706-9CFC7201AF6A}.Release|Any CPU.Build.0 = Release|Any CPU
		{65936901-B701-48E4-B257-0C9792C17601}.Debug|Any CPU.ActiveCfg = Debug|Any CPU
		{65936901-B701-48E4-B257-0C9792C17601}.Debug|Any CPU.Build.0 = Debug|Any CPU
		{65936901-B701-48E4-B257-0C9792C17601}.Release|Any CPU.ActiveCfg = Release|Any CPU
		{65936901-B701-48E4-B257-0C9792C17601}.Release|Any CPU.Build.0 = Release|Any CPU
		{2B622604-B0B5-4C9A-9133-5E34D59A0E0E}.Debug|Any CPU.ActiveCfg = Debug|Any CPU
		{2B622604-B0B5-4C9A-9133-5E34D59A0E0E}.Debug|Any CPU.Build.0 = Debug|Any CPU
		{2B622604-B0B5-4C9A-9133-5E34D59A0E0E}.Release|Any CPU.ActiveCfg = Release|Any CPU
		{2B622604-B0B5-4C9A-9133-5E34D59A0E0E}.Release|Any CPU.Build.0 = Release|Any CPU
	EndGlobalSection
	GlobalSection(SolutionProperties) = preSolution
		HideSolutionNode = FALSE
	EndGlobalSection
	GlobalSection(ExtensibilityGlobals) = postSolution
		SolutionGuid = {E377E2F7-007F-43D5-B87B-9BD340118A85}
	EndGlobalSection
EndGlobal
